// !$*UTF8*$!
{
	archiveVersion = 1;
	classes = {
	};
	objectVersion = 50;
	objects = {

/* Begin PBXBuildFile section */
		9B315EFC22A493520021C5F0 /* AppDelegate.swift in Sources */ = {isa = PBXBuildFile; fileRef = 9B315EFB22A493520021C5F0 /* AppDelegate.swift */; };
		9B315EFE22A493520021C5F0 /* MapViewController.swift in Sources */ = {isa = PBXBuildFile; fileRef = 9B315EFD22A493520021C5F0 /* MapViewController.swift */; };
		9B315F0122A493520021C5F0 /* Main.storyboard in Resources */ = {isa = PBXBuildFile; fileRef = 9B315EFF22A493520021C5F0 /* Main.storyboard */; };
		9B315F0322A493540021C5F0 /* Assets.xcassets in Resources */ = {isa = PBXBuildFile; fileRef = 9B315F0222A493540021C5F0 /* Assets.xcassets */; };
		9B315F0622A493540021C5F0 /* LaunchScreen.storyboard in Resources */ = {isa = PBXBuildFile; fileRef = 9B315F0422A493540021C5F0 /* LaunchScreen.storyboard */; };
		9B315F1122A493540021C5F0 /* VancouverStreetTreesTests.swift in Sources */ = {isa = PBXBuildFile; fileRef = 9B315F1022A493540021C5F0 /* VancouverStreetTreesTests.swift */; };
		9B315F2F22A495480021C5F0 /* StreetTrees_CityWide.json in Resources */ = {isa = PBXBuildFile; fileRef = 9B315F2E22A495480021C5F0 /* StreetTrees_CityWide.json */; };
		9B510D6522A5C50900613E38 /* WikipediaViewController.swift in Sources */ = {isa = PBXBuildFile; fileRef = 9B510D6422A5C50900613E38 /* WikipediaViewController.swift */; };
		9B66352222A8517F00D4CF96 /* WebKit.framework in Frameworks */ = {isa = PBXBuildFile; fileRef = 9B66352122A8517F00D4CF96 /* WebKit.framework */; };
		9B66352422A8571100D4CF96 /* UIColor+hex.swift in Sources */ = {isa = PBXBuildFile; fileRef = 9B66352322A8571100D4CF96 /* UIColor+hex.swift */; };
		9B66352622A8574900D4CF96 /* TreeAnnotation.swift in Sources */ = {isa = PBXBuildFile; fileRef = 9B66352522A8574900D4CF96 /* TreeAnnotation.swift */; };
		9B8913E222A49641007F6C3D /* Geometry.swift in Sources */ = {isa = PBXBuildFile; fileRef = 9B8913DE22A49641007F6C3D /* Geometry.swift */; };
		9B8913E322A49641007F6C3D /* Properties.swift in Sources */ = {isa = PBXBuildFile; fileRef = 9B8913DF22A49641007F6C3D /* Properties.swift */; };
		9B8913E422A49641007F6C3D /* Feature.swift in Sources */ = {isa = PBXBuildFile; fileRef = 9B8913E022A49641007F6C3D /* Feature.swift */; };
		9B8913E522A49641007F6C3D /* StreetTrees.swift in Sources */ = {isa = PBXBuildFile; fileRef = 9B8913E122A49641007F6C3D /* StreetTrees.swift */; };
		9B8913E922A49B87007F6C3D /* TreeData.swift in Sources */ = {isa = PBXBuildFile; fileRef = 9B8913E822A49B87007F6C3D /* TreeData.swift */; };
		9B8913EC22A4A758007F6C3D /* LaunchImage.jpg in Resources */ = {isa = PBXBuildFile; fileRef = 9B8913EB22A4A757007F6C3D /* LaunchImage.jpg */; };
		9B973AC822A4C7D8007E5DA6 /* smalltrees.json in Resources */ = {isa = PBXBuildFile; fileRef = 9B973AC722A4C7D7007E5DA6 /* smalltrees.json */; };
/* End PBXBuildFile section */

/* Begin PBXContainerItemProxy section */
		9B315F0D22A493540021C5F0 /* PBXContainerItemProxy */ = {
			isa = PBXContainerItemProxy;
			containerPortal = 9B315EF022A493520021C5F0 /* Project object */;
			proxyType = 1;
			remoteGlobalIDString = 9B315EF722A493520021C5F0;
			remoteInfo = VancouverStreetTrees;
		};
/* End PBXContainerItemProxy section */

/* Begin PBXFileReference section */
		9B315EF822A493520021C5F0 /* VancouverStreetTrees.app */ = {isa = PBXFileReference; explicitFileType = wrapper.application; includeInIndex = 0; path = VancouverStreetTrees.app; sourceTree = BUILT_PRODUCTS_DIR; };
		9B315EFB22A493520021C5F0 /* AppDelegate.swift */ = {isa = PBXFileReference; lastKnownFileType = sourcecode.swift; path = AppDelegate.swift; sourceTree = "<group>"; };
		9B315EFD22A493520021C5F0 /* MapViewController.swift */ = {isa = PBXFileReference; lastKnownFileType = sourcecode.swift; path = MapViewController.swift; sourceTree = "<group>"; };
		9B315F0022A493520021C5F0 /* Base */ = {isa = PBXFileReference; lastKnownFileType = file.storyboard; name = Base; path = Base.lproj/Main.storyboard; sourceTree = "<group>"; };
		9B315F0222A493540021C5F0 /* Assets.xcassets */ = {isa = PBXFileReference; lastKnownFileType = folder.assetcatalog; path = Assets.xcassets; sourceTree = "<group>"; };
		9B315F0522A493540021C5F0 /* Base */ = {isa = PBXFileReference; lastKnownFileType = file.storyboard; name = Base; path = Base.lproj/LaunchScreen.storyboard; sourceTree = "<group>"; };
		9B315F0722A493540021C5F0 /* Info.plist */ = {isa = PBXFileReference; lastKnownFileType = text.plist.xml; path = Info.plist; sourceTree = "<group>"; };
		9B315F0C22A493540021C5F0 /* VancouverStreetTreesTests.xctest */ = {isa = PBXFileReference; explicitFileType = wrapper.cfbundle; includeInIndex = 0; path = VancouverStreetTreesTests.xctest; sourceTree = BUILT_PRODUCTS_DIR; };
		9B315F1022A493540021C5F0 /* VancouverStreetTreesTests.swift */ = {isa = PBXFileReference; lastKnownFileType = sourcecode.swift; path = VancouverStreetTreesTests.swift; sourceTree = "<group>"; };
		9B315F1222A493540021C5F0 /* Info.plist */ = {isa = PBXFileReference; lastKnownFileType = text.plist.xml; path = Info.plist; sourceTree = "<group>"; };
		9B315F2E22A495480021C5F0 /* StreetTrees_CityWide.json */ = {isa = PBXFileReference; fileEncoding = 4; lastKnownFileType = text.json; path = StreetTrees_CityWide.json; sourceTree = "<group>"; };
		9B510D6422A5C50900613E38 /* WikipediaViewController.swift */ = {isa = PBXFileReference; lastKnownFileType = sourcecode.swift; path = WikipediaViewController.swift; sourceTree = "<group>"; };
		9B66352122A8517F00D4CF96 /* WebKit.framework */ = {isa = PBXFileReference; lastKnownFileType = wrapper.framework; name = WebKit.framework; path = System/Library/Frameworks/WebKit.framework; sourceTree = SDKROOT; };
		9B66352322A8571100D4CF96 /* UIColor+hex.swift */ = {isa = PBXFileReference; lastKnownFileType = sourcecode.swift; path = "UIColor+hex.swift"; sourceTree = "<group>"; };
		9B66352522A8574900D4CF96 /* TreeAnnotation.swift */ = {isa = PBXFileReference; lastKnownFileType = sourcecode.swift; path = TreeAnnotation.swift; sourceTree = "<group>"; };
		9B8913DE22A49641007F6C3D /* Geometry.swift */ = {isa = PBXFileReference; fileEncoding = 4; lastKnownFileType = sourcecode.swift; path = Geometry.swift; sourceTree = "<group>"; };
		9B8913DF22A49641007F6C3D /* Properties.swift */ = {isa = PBXFileReference; fileEncoding = 4; lastKnownFileType = sourcecode.swift; path = Properties.swift; sourceTree = "<group>"; };
		9B8913E022A49641007F6C3D /* Feature.swift */ = {isa = PBXFileReference; fileEncoding = 4; lastKnownFileType = sourcecode.swift; path = Feature.swift; sourceTree = "<group>"; };
		9B8913E122A49641007F6C3D /* StreetTrees.swift */ = {isa = PBXFileReference; fileEncoding = 4; lastKnownFileType = sourcecode.swift; path = StreetTrees.swift; sourceTree = "<group>"; };
		9B8913E822A49B87007F6C3D /* TreeData.swift */ = {isa = PBXFileReference; lastKnownFileType = sourcecode.swift; path = TreeData.swift; sourceTree = "<group>"; };
		9B8913EB22A4A757007F6C3D /* LaunchImage.jpg */ = {isa = PBXFileReference; lastKnownFileType = image.jpeg; path = LaunchImage.jpg; sourceTree = "<group>"; };
		9B973AC722A4C7D7007E5DA6 /* smalltrees.json */ = {isa = PBXFileReference; fileEncoding = 4; lastKnownFileType = text.json; path = smalltrees.json; sourceTree = "<group>"; };
/* End PBXFileReference section */

/* Begin PBXFrameworksBuildPhase section */
		9B315EF522A493520021C5F0 /* Frameworks */ = {
			isa = PBXFrameworksBuildPhase;
			buildActionMask = 2147483647;
			files = (
				9B66352222A8517F00D4CF96 /* WebKit.framework in Frameworks */,
			);
			runOnlyForDeploymentPostprocessing = 0;
		};
		9B315F0922A493540021C5F0 /* Frameworks */ = {
			isa = PBXFrameworksBuildPhase;
			buildActionMask = 2147483647;
			files = (
			);
			runOnlyForDeploymentPostprocessing = 0;
		};
/* End PBXFrameworksBuildPhase section */

/* Begin PBXGroup section */
		9B315EEF22A493520021C5F0 = {
			isa = PBXGroup;
			children = (
				9B315EFA22A493520021C5F0 /* VancouverStreetTrees */,
				9B315F0F22A493540021C5F0 /* VancouverStreetTreesTests */,
				9B315EF922A493520021C5F0 /* Products */,
				9B66352022A8517F00D4CF96 /* Frameworks */,
			);
			sourceTree = "<group>";
		};
		9B315EF922A493520021C5F0 /* Products */ = {
			isa = PBXGroup;
			children = (
				9B315EF822A493520021C5F0 /* VancouverStreetTrees.app */,
				9B315F0C22A493540021C5F0 /* VancouverStreetTreesTests.xctest */,
			);
			name = Products;
			sourceTree = "<group>";
		};
		9B315EFA22A493520021C5F0 /* VancouverStreetTrees */ = {
			isa = PBXGroup;
			children = (
				9B8913DD22A49641007F6C3D /* File Parsing */,
				9B315EFB22A493520021C5F0 /* AppDelegate.swift */,
				9B315EFD22A493520021C5F0 /* MapViewController.swift */,
				9B315EFF22A493520021C5F0 /* Main.storyboard */,
				9B315F0222A493540021C5F0 /* Assets.xcassets */,
				9B973AC722A4C7D7007E5DA6 /* smalltrees.json */,
				9B8913EB22A4A757007F6C3D /* LaunchImage.jpg */,
				9B315F2E22A495480021C5F0 /* StreetTrees_CityWide.json */,
				9B315F0422A493540021C5F0 /* LaunchScreen.storyboard */,
				9B315F0722A493540021C5F0 /* Info.plist */,
				9B8913E822A49B87007F6C3D /* TreeData.swift */,
				9B510D6422A5C50900613E38 /* WikipediaViewController.swift */,
				9B66352322A8571100D4CF96 /* UIColor+hex.swift */,
				9B66352522A8574900D4CF96 /* TreeAnnotation.swift */,
			);
			path = VancouverStreetTrees;
			sourceTree = "<group>";
		};
		9B315F0F22A493540021C5F0 /* VancouverStreetTreesTests */ = {
			isa = PBXGroup;
			children = (
				9B315F1022A493540021C5F0 /* VancouverStreetTreesTests.swift */,
				9B315F1222A493540021C5F0 /* Info.plist */,
			);
			path = VancouverStreetTreesTests;
			sourceTree = "<group>";
		};
		9B66352022A8517F00D4CF96 /* Frameworks */ = {
			isa = PBXGroup;
			children = (
				9B66352122A8517F00D4CF96 /* WebKit.framework */,
			);
			name = Frameworks;
			sourceTree = "<group>";
		};
		9B8913DD22A49641007F6C3D /* File Parsing */ = {
			isa = PBXGroup;
			children = (
				9B8913DE22A49641007F6C3D /* Geometry.swift */,
				9B8913DF22A49641007F6C3D /* Properties.swift */,
				9B8913E022A49641007F6C3D /* Feature.swift */,
				9B8913E122A49641007F6C3D /* StreetTrees.swift */,
			);
			path = "File Parsing";
			sourceTree = "<group>";
		};
/* End PBXGroup section */

/* Begin PBXNativeTarget section */
		9B315EF722A493520021C5F0 /* VancouverStreetTrees */ = {
			isa = PBXNativeTarget;
			buildConfigurationList = 9B315F1522A493540021C5F0 /* Build configuration list for PBXNativeTarget "VancouverStreetTrees" */;
			buildPhases = (
				9B315EF422A493520021C5F0 /* Sources */,
				9B315EF522A493520021C5F0 /* Frameworks */,
				9B315EF622A493520021C5F0 /* Resources */,
			);
			buildRules = (
			);
			dependencies = (
			);
			name = VancouverStreetTrees;
			productName = VancouverStreetTrees;
			productReference = 9B315EF822A493520021C5F0 /* VancouverStreetTrees.app */;
			productType = "com.apple.product-type.application";
		};
		9B315F0B22A493540021C5F0 /* VancouverStreetTreesTests */ = {
			isa = PBXNativeTarget;
			buildConfigurationList = 9B315F1822A493540021C5F0 /* Build configuration list for PBXNativeTarget "VancouverStreetTreesTests" */;
			buildPhases = (
				9B315F0822A493540021C5F0 /* Sources */,
				9B315F0922A493540021C5F0 /* Frameworks */,
				9B315F0A22A493540021C5F0 /* Resources */,
			);
			buildRules = (
			);
			dependencies = (
				9B315F0E22A493540021C5F0 /* PBXTargetDependency */,
			);
			name = VancouverStreetTreesTests;
			productName = VancouverStreetTreesTests;
			productReference = 9B315F0C22A493540021C5F0 /* VancouverStreetTreesTests.xctest */;
			productType = "com.apple.product-type.bundle.unit-test";
		};
/* End PBXNativeTarget section */

/* Begin PBXProject section */
		9B315EF022A493520021C5F0 /* Project object */ = {
			isa = PBXProject;
			attributes = {
				LastSwiftUpdateCheck = 1020;
				LastUpgradeCheck = 1020;
				ORGANIZATIONNAME = PayByPhone;
				TargetAttributes = {
					9B315EF722A493520021C5F0 = {
						CreatedOnToolsVersion = 10.2.1;
					};
					9B315F0B22A493540021C5F0 = {
						CreatedOnToolsVersion = 10.2.1;
						TestTargetID = 9B315EF722A493520021C5F0;
					};
				};
			};
			buildConfigurationList = 9B315EF322A493520021C5F0 /* Build configuration list for PBXProject "VancouverStreetTrees" */;
			compatibilityVersion = "Xcode 9.3";
			developmentRegion = en;
			hasScannedForEncodings = 0;
			knownRegions = (
				en,
				Base,
			);
			mainGroup = 9B315EEF22A493520021C5F0;
			productRefGroup = 9B315EF922A493520021C5F0 /* Products */;
			projectDirPath = "";
			projectRoot = "";
			targets = (
				9B315EF722A493520021C5F0 /* VancouverStreetTrees */,
				9B315F0B22A493540021C5F0 /* VancouverStreetTreesTests */,
			);
		};
/* End PBXProject section */

/* Begin PBXResourcesBuildPhase section */
		9B315EF622A493520021C5F0 /* Resources */ = {
			isa = PBXResourcesBuildPhase;
			buildActionMask = 2147483647;
			files = (
				9B8913EC22A4A758007F6C3D /* LaunchImage.jpg in Resources */,
				9B315F2F22A495480021C5F0 /* StreetTrees_CityWide.json in Resources */,
				9B315F0622A493540021C5F0 /* LaunchScreen.storyboard in Resources */,
				9B973AC822A4C7D8007E5DA6 /* smalltrees.json in Resources */,
				9B315F0322A493540021C5F0 /* Assets.xcassets in Resources */,
				9B315F0122A493520021C5F0 /* Main.storyboard in Resources */,
			);
			runOnlyForDeploymentPostprocessing = 0;
		};
		9B315F0A22A493540021C5F0 /* Resources */ = {
			isa = PBXResourcesBuildPhase;
			buildActionMask = 2147483647;
			files = (
			);
			runOnlyForDeploymentPostprocessing = 0;
		};
/* End PBXResourcesBuildPhase section */

/* Begin PBXSourcesBuildPhase section */
		9B315EF422A493520021C5F0 /* Sources */ = {
			isa = PBXSourcesBuildPhase;
			buildActionMask = 2147483647;
			files = (
				9B8913E322A49641007F6C3D /* Properties.swift in Sources */,
				9B8913E922A49B87007F6C3D /* TreeData.swift in Sources */,
				9B8913E222A49641007F6C3D /* Geometry.swift in Sources */,
				9B315EFE22A493520021C5F0 /* MapViewController.swift in Sources */,
				9B8913E422A49641007F6C3D /* Feature.swift in Sources */,
				9B8913E522A49641007F6C3D /* StreetTrees.swift in Sources */,
				9B66352622A8574900D4CF96 /* TreeAnnotation.swift in Sources */,
				9B66352422A8571100D4CF96 /* UIColor+hex.swift in Sources */,
				9B510D6522A5C50900613E38 /* WikipediaViewController.swift in Sources */,
				9B315EFC22A493520021C5F0 /* AppDelegate.swift in Sources */,
			);
			runOnlyForDeploymentPostprocessing = 0;
		};
		9B315F0822A493540021C5F0 /* Sources */ = {
			isa = PBXSourcesBuildPhase;
			buildActionMask = 2147483647;
			files = (
				9B315F1122A493540021C5F0 /* VancouverStreetTreesTests.swift in Sources */,
			);
			runOnlyForDeploymentPostprocessing = 0;
		};
/* End PBXSourcesBuildPhase section */

/* Begin PBXTargetDependency section */
		9B315F0E22A493540021C5F0 /* PBXTargetDependency */ = {
			isa = PBXTargetDependency;
			target = 9B315EF722A493520021C5F0 /* VancouverStreetTrees */;
			targetProxy = 9B315F0D22A493540021C5F0 /* PBXContainerItemProxy */;
		};
/* End PBXTargetDependency section */

/* Begin PBXVariantGroup section */
		9B315EFF22A493520021C5F0 /* Main.storyboard */ = {
			isa = PBXVariantGroup;
			children = (
				9B315F0022A493520021C5F0 /* Base */,
			);
			name = Main.storyboard;
			sourceTree = "<group>";
		};
		9B315F0422A493540021C5F0 /* LaunchScreen.storyboard */ = {
			isa = PBXVariantGroup;
			children = (
				9B315F0522A493540021C5F0 /* Base */,
			);
			name = LaunchScreen.storyboard;
			sourceTree = "<group>";
		};
/* End PBXVariantGroup section */

/* Begin XCBuildConfiguration section */
		9B315F1322A493540021C5F0 /* Debug */ = {
			isa = XCBuildConfiguration;
			buildSettings = {
				ALWAYS_SEARCH_USER_PATHS = NO;
				CLANG_ANALYZER_NONNULL = YES;
				CLANG_ANALYZER_NUMBER_OBJECT_CONVERSION = YES_AGGRESSIVE;
				CLANG_CXX_LANGUAGE_STANDARD = "gnu++14";
				CLANG_CXX_LIBRARY = "libc++";
				CLANG_ENABLE_MODULES = YES;
				CLANG_ENABLE_OBJC_ARC = YES;
				CLANG_ENABLE_OBJC_WEAK = YES;
				CLANG_WARN_BLOCK_CAPTURE_AUTORELEASING = YES;
				CLANG_WARN_BOOL_CONVERSION = YES;
				CLANG_WARN_COMMA = YES;
				CLANG_WARN_CONSTANT_CONVERSION = YES;
				CLANG_WARN_DEPRECATED_OBJC_IMPLEMENTATIONS = YES;
				CLANG_WARN_DIRECT_OBJC_ISA_USAGE = YES_ERROR;
				CLANG_WARN_DOCUMENTATION_COMMENTS = YES;
				CLANG_WARN_EMPTY_BODY = YES;
				CLANG_WARN_ENUM_CONVERSION = YES;
				CLANG_WARN_INFINITE_RECURSION = YES;
				CLANG_WARN_INT_CONVERSION = YES;
				CLANG_WARN_NON_LITERAL_NULL_CONVERSION = YES;
				CLANG_WARN_OBJC_IMPLICIT_RETAIN_SELF = YES;
				CLANG_WARN_OBJC_LITERAL_CONVERSION = YES;
				CLANG_WARN_OBJC_ROOT_CLASS = YES_ERROR;
				CLANG_WARN_RANGE_LOOP_ANALYSIS = YES;
				CLANG_WARN_STRICT_PROTOTYPES = YES;
				CLANG_WARN_SUSPICIOUS_MOVE = YES;
				CLANG_WARN_UNGUARDED_AVAILABILITY = YES_AGGRESSIVE;
				CLANG_WARN_UNREACHABLE_CODE = YES;
				CLANG_WARN__DUPLICATE_METHOD_MATCH = YES;
				CODE_SIGN_IDENTITY = "iPhone Developer";
				COPY_PHASE_STRIP = NO;
				DEBUG_INFORMATION_FORMAT = dwarf;
				ENABLE_STRICT_OBJC_MSGSEND = YES;
				ENABLE_TESTABILITY = YES;
				GCC_C_LANGUAGE_STANDARD = gnu11;
				GCC_DYNAMIC_NO_PIC = NO;
				GCC_NO_COMMON_BLOCKS = YES;
				GCC_OPTIMIZATION_LEVEL = 0;
				GCC_PREPROCESSOR_DEFINITIONS = (
					"DEBUG=1",
					"$(inherited)",
				);
				GCC_WARN_64_TO_32_BIT_CONVERSION = YES;
				GCC_WARN_ABOUT_RETURN_TYPE = YES_ERROR;
				GCC_WARN_UNDECLARED_SELECTOR = YES;
				GCC_WARN_UNINITIALIZED_AUTOS = YES_AGGRESSIVE;
				GCC_WARN_UNUSED_FUNCTION = YES;
				GCC_WARN_UNUSED_VARIABLE = YES;
				IPHONEOS_DEPLOYMENT_TARGET = 12.2;
				MTL_ENABLE_DEBUG_INFO = INCLUDE_SOURCE;
				MTL_FAST_MATH = YES;
				ONLY_ACTIVE_ARCH = YES;
				SDKROOT = iphoneos;
				SWIFT_ACTIVE_COMPILATION_CONDITIONS = DEBUG;
				SWIFT_OPTIMIZATION_LEVEL = "-Onone";
			};
			name = Debug;
		};
		9B315F1422A493540021C5F0 /* Release */ = {
			isa = XCBuildConfiguration;
			buildSettings = {
				ALWAYS_SEARCH_USER_PATHS = NO;
				CLANG_ANALYZER_NONNULL = YES;
				CLANG_ANALYZER_NUMBER_OBJECT_CONVERSION = YES_AGGRESSIVE;
				CLANG_CXX_LANGUAGE_STANDARD = "gnu++14";
				CLANG_CXX_LIBRARY = "libc++";
				CLANG_ENABLE_MODULES = YES;
				CLANG_ENABLE_OBJC_ARC = YES;
				CLANG_ENABLE_OBJC_WEAK = YES;
				CLANG_WARN_BLOCK_CAPTURE_AUTORELEASING = YES;
				CLANG_WARN_BOOL_CONVERSION = YES;
				CLANG_WARN_COMMA = YES;
				CLANG_WARN_CONSTANT_CONVERSION = YES;
				CLANG_WARN_DEPRECATED_OBJC_IMPLEMENTATIONS = YES;
				CLANG_WARN_DIRECT_OBJC_ISA_USAGE = YES_ERROR;
				CLANG_WARN_DOCUMENTATION_COMMENTS = YES;
				CLANG_WARN_EMPTY_BODY = YES;
				CLANG_WARN_ENUM_CONVERSION = YES;
				CLANG_WARN_INFINITE_RECURSION = YES;
				CLANG_WARN_INT_CONVERSION = YES;
				CLANG_WARN_NON_LITERAL_NULL_CONVERSION = YES;
				CLANG_WARN_OBJC_IMPLICIT_RETAIN_SELF = YES;
				CLANG_WARN_OBJC_LITERAL_CONVERSION = YES;
				CLANG_WARN_OBJC_ROOT_CLASS = YES_ERROR;
				CLANG_WARN_RANGE_LOOP_ANALYSIS = YES;
				CLANG_WARN_STRICT_PROTOTYPES = YES;
				CLANG_WARN_SUSPICIOUS_MOVE = YES;
				CLANG_WARN_UNGUARDED_AVAILABILITY = YES_AGGRESSIVE;
				CLANG_WARN_UNREACHABLE_CODE = YES;
				CLANG_WARN__DUPLICATE_METHOD_MATCH = YES;
				CODE_SIGN_IDENTITY = "iPhone Developer";
				COPY_PHASE_STRIP = NO;
				DEBUG_INFORMATION_FORMAT = "dwarf-with-dsym";
				ENABLE_NS_ASSERTIONS = NO;
				ENABLE_STRICT_OBJC_MSGSEND = YES;
				GCC_C_LANGUAGE_STANDARD = gnu11;
				GCC_NO_COMMON_BLOCKS = YES;
				GCC_WARN_64_TO_32_BIT_CONVERSION = YES;
				GCC_WARN_ABOUT_RETURN_TYPE = YES_ERROR;
				GCC_WARN_UNDECLARED_SELECTOR = YES;
				GCC_WARN_UNINITIALIZED_AUTOS = YES_AGGRESSIVE;
				GCC_WARN_UNUSED_FUNCTION = YES;
				GCC_WARN_UNUSED_VARIABLE = YES;
				IPHONEOS_DEPLOYMENT_TARGET = 12.2;
				MTL_ENABLE_DEBUG_INFO = NO;
				MTL_FAST_MATH = YES;
				SDKROOT = iphoneos;
				SWIFT_COMPILATION_MODE = wholemodule;
				SWIFT_OPTIMIZATION_LEVEL = "-O";
				VALIDATE_PRODUCT = YES;
			};
			name = Release;
		};
		9B315F1622A493540021C5F0 /* Debug */ = {
			isa = XCBuildConfiguration;
			buildSettings = {
				ASSETCATALOG_COMPILER_APPICON_NAME = AppIcon;
				CODE_SIGN_IDENTITY = "iPhone Developer";
				CODE_SIGN_STYLE = Automatic;
				DEVELOPMENT_TEAM = 9486CQ5DH7;
				INFOPLIST_FILE = VancouverStreetTrees/Info.plist;
				LD_RUNPATH_SEARCH_PATHS = (
					"$(inherited)",
					"@executable_path/Frameworks",
				);
				PRODUCT_BUNDLE_IDENTIFIER = com.yellowcedarsoftware.vancouverstreettrees5;
				PRODUCT_NAME = "$(TARGET_NAME)";
				PROVISIONING_PROFILE_SPECIFIER = "";
				SWIFT_VERSION = 5.0;
				TARGETED_DEVICE_FAMILY = "1,2";
			};
			name = Debug;
		};
		9B315F1722A493540021C5F0 /* Release */ = {
			isa = XCBuildConfiguration;
			buildSettings = {
				ASSETCATALOG_COMPILER_APPICON_NAME = AppIcon;
				CODE_SIGN_IDENTITY = "iPhone Developer";
				CODE_SIGN_STYLE = Automatic;
				DEVELOPMENT_TEAM = 9486CQ5DH7;
				INFOPLIST_FILE = VancouverStreetTrees/Info.plist;
				LD_RUNPATH_SEARCH_PATHS = (
					"$(inherited)",
					"@executable_path/Frameworks",
				);
				PRODUCT_BUNDLE_IDENTIFIER = com.yellowcedarsoftware.vancouverstreettrees5;
				PRODUCT_NAME = "$(TARGET_NAME)";
				PROVISIONING_PROFILE_SPECIFIER = "";
				SWIFT_VERSION = 5.0;
				TARGETED_DEVICE_FAMILY = "1,2";
			};
			name = Release;
		};
		9B315F1922A493540021C5F0 /* Debug */ = {
			isa = XCBuildConfiguration;
			buildSettings = {
				ALWAYS_EMBED_SWIFT_STANDARD_LIBRARIES = YES;
				BUNDLE_LOADER = "$(TEST_HOST)";
				CODE_SIGN_STYLE = Automatic;
				DEVELOPMENT_TEAM = W6D936SL86;
				INFOPLIST_FILE = VancouverStreetTreesTests/Info.plist;
				LD_RUNPATH_SEARCH_PATHS = (
					"$(inherited)",
					"@executable_path/Frameworks",
					"@loader_path/Frameworks",
				);
				PRODUCT_BUNDLE_IDENTIFIER = com.yellowcedarsoftware.VancouverStreetTreesTests;
				PRODUCT_NAME = "$(TARGET_NAME)";
				SWIFT_VERSION = 5.0;
				TARGETED_DEVICE_FAMILY = "1,2";
				TEST_HOST = "$(BUILT_PRODUCTS_DIR)/VancouverStreetTrees.app/VancouverStreetTrees";
			};
			name = Debug;
		};
		9B315F1A22A493540021C5F0 /* Release */ = {
			isa = XCBuildConfiguration;
			buildSettings = {
				ALWAYS_EMBED_SWIFT_STANDARD_LIBRARIES = YES;
				BUNDLE_LOADER = "$(TEST_HOST)";
				CODE_SIGN_STYLE = Automatic;
				DEVELOPMENT_TEAM = W6D936SL86;
				INFOPLIST_FILE = VancouverStreetTreesTests/Info.plist;
				LD_RUNPATH_SEARCH_PATHS = (
					"$(inherited)",
					"@executable_path/Frameworks",
					"@loader_path/Frameworks",
				);
				PRODUCT_BUNDLE_IDENTIFIER = com.yellowcedarsoftware.VancouverStreetTreesTests;
				PRODUCT_NAME = "$(TARGET_NAME)";
				SWIFT_VERSION = 5.0;
				TARGETED_DEVICE_FAMILY = "1,2";
				TEST_HOST = "$(BUILT_PRODUCTS_DIR)/VancouverStreetTrees.app/VancouverStreetTrees";
			};
			name = Release;
		};
/* End XCBuildConfiguration section */

/* Begin XCConfigurationList section */
		9B315EF322A493520021C5F0 /* Build configuration list for PBXProject "VancouverStreetTrees" */ = {
			isa = XCConfigurationList;
			buildConfigurations = (
				9B315F1322A493540021C5F0 /* Debug */,
				9B315F1422A493540021C5F0 /* Release */,
			);
			defaultConfigurationIsVisible = 0;
			defaultConfigurationName = Release;
		};
		9B315F1522A493540021C5F0 /* Build configuration list for PBXNativeTarget "VancouverStreetTrees" */ = {
			isa = XCConfigurationList;
			buildConfigurations = (
				9B315F1622A493540021C5F0 /* Debug */,
				9B315F1722A493540021C5F0 /* Release */,
			);
			defaultConfigurationIsVisible = 0;
			defaultConfigurationName = Release;
		};
		9B315F1822A493540021C5F0 /* Build configuration list for PBXNativeTarget "VancouverStreetTreesTests" */ = {
			isa = XCConfigurationList;
			buildConfigurations = (
				9B315F1922A493540021C5F0 /* Debug */,
				9B315F1A22A493540021C5F0 /* Release */,
			);
			defaultConfigurationIsVisible = 0;
			defaultConfigurationName = Release;
		};
/* End XCConfigurationList section */
	};
	rootObject = 9B315EF022A493520021C5F0 /* Project object */;
}
