// !$*UTF8*$!
{
	archiveVersion = 1;
	classes = {
	};
	objectVersion = 51;
	objects = {

/* Begin PBXBuildFile section */
		9AE57F898E4F738EDD5316AB /* Pods_VancouverStreetTreesTests.framework in Frameworks */ = {isa = PBXBuildFile; fileRef = D1B68B053ACA305084899490 /* Pods_VancouverStreetTreesTests.framework */; };
		9B0B9E1422A88C6600AE4485 /* LaunchScreen.storyboard in Resources */ = {isa = PBXBuildFile; fileRef = 9B0B9E1222A88C6600AE4485 /* LaunchScreen.storyboard */; };
		9B189E7822DC2AC900CF1B30 /* NSPersistentContainer+Preload.swift in Sources */ = {isa = PBXBuildFile; fileRef = 9B189E7722DC2AC900CF1B30 /* NSPersistentContainer+Preload.swift */; };
		9B26458E2311E48B001973DE /* MapView+ZoomLevel.swift in Sources */ = {isa = PBXBuildFile; fileRef = 9B26458D2311E48B001973DE /* MapView+ZoomLevel.swift */; };
		9B2645902311F962001973DE /* InfoPanelViewController.swift in Sources */ = {isa = PBXBuildFile; fileRef = 9B26458F2311F962001973DE /* InfoPanelViewController.swift */; };
		9B2645922312256A001973DE /* UIImageViewAligned.swift in Sources */ = {isa = PBXBuildFile; fileRef = 9B2645912312256A001973DE /* UIImageViewAligned.swift */; };
		9B26459423123410001973DE /* GoogleService-Info.plist in Resources */ = {isa = PBXBuildFile; fileRef = 9B26459323123410001973DE /* GoogleService-Info.plist */; };
		9B315EFC22A493520021C5F0 /* AppDelegate.swift in Sources */ = {isa = PBXBuildFile; fileRef = 9B315EFB22A493520021C5F0 /* AppDelegate.swift */; };
		9B315EFE22A493520021C5F0 /* MapViewController.swift in Sources */ = {isa = PBXBuildFile; fileRef = 9B315EFD22A493520021C5F0 /* MapViewController.swift */; };
		9B315F0122A493520021C5F0 /* Main.storyboard in Resources */ = {isa = PBXBuildFile; fileRef = 9B315EFF22A493520021C5F0 /* Main.storyboard */; };
		9B315F0322A493540021C5F0 /* Assets.xcassets in Resources */ = {isa = PBXBuildFile; fileRef = 9B315F0222A493540021C5F0 /* Assets.xcassets */; };
		9B510D6522A5C50900613E38 /* WikipediaViewController.swift in Sources */ = {isa = PBXBuildFile; fileRef = 9B510D6422A5C50900613E38 /* WikipediaViewController.swift */; };
		9B66352222A8517F00D4CF96 /* WebKit.framework in Frameworks */ = {isa = PBXBuildFile; fileRef = 9B66352122A8517F00D4CF96 /* WebKit.framework */; };
		9B66352422A8571100D4CF96 /* UIColor+hex.swift in Sources */ = {isa = PBXBuildFile; fileRef = 9B66352322A8571100D4CF96 /* UIColor+hex.swift */; };
		9B66352622A8574900D4CF96 /* TreeAnnotation.swift in Sources */ = {isa = PBXBuildFile; fileRef = 9B66352522A8574900D4CF96 /* TreeAnnotation.swift */; };
		9BA8D65F22A8859000379399 /* MapRectBoundingBox.swift in Sources */ = {isa = PBXBuildFile; fileRef = 9BA8D65E22A8859000379399 /* MapRectBoundingBox.swift */; };
		9BBAF2A622E5296300F710D6 /* TreeImport.xcdatamodeld in Sources */ = {isa = PBXBuildFile; fileRef = 9BBAF2A122E5296300F710D6 /* TreeImport.xcdatamodeld */; };
		9BBAF2A722E5296300F710D6 /* TreeImport.sqlite-shm in Resources */ = {isa = PBXBuildFile; fileRef = 9BBAF2A322E5296300F710D6 /* TreeImport.sqlite-shm */; };
		9BBAF2A822E5296300F710D6 /* TreeImport.sqlite in Resources */ = {isa = PBXBuildFile; fileRef = 9BBAF2A422E5296300F710D6 /* TreeImport.sqlite */; };
		9BBAF2A922E5296300F710D6 /* TreeImport.sqlite-wal in Resources */ = {isa = PBXBuildFile; fileRef = 9BBAF2A522E5296300F710D6 /* TreeImport.sqlite-wal */; };
		9BF9AF3A22A97C3900A9D47F /* TreeRepository.swift in Sources */ = {isa = PBXBuildFile; fileRef = 9BF9AF3922A97C3900A9D47F /* TreeRepository.swift */; };
		9BF9AF3D22A97EAD00A9D47F /* GenusColors.swift in Sources */ = {isa = PBXBuildFile; fileRef = 9BF9AF3C22A97EAD00A9D47F /* GenusColors.swift */; };
		9BF9AF4022A9A62600A9D47F /* TreeRepositoryTests.swift in Sources */ = {isa = PBXBuildFile; fileRef = 9BF9AF3F22A9A62600A9D47F /* TreeRepositoryTests.swift */; };
		DD1110C44D2679AD66679BA4 /* Pods_VancouverStreetTrees.framework in Frameworks */ = {isa = PBXBuildFile; fileRef = 4F397CAC0F39212362327C65 /* Pods_VancouverStreetTrees.framework */; };
/* End PBXBuildFile section */

/* Begin PBXContainerItemProxy section */
		9B315F0D22A493540021C5F0 /* PBXContainerItemProxy */ = {
			isa = PBXContainerItemProxy;
			containerPortal = 9B315EF022A493520021C5F0 /* Project object */;
			proxyType = 1;
			remoteGlobalIDString = 9B315EF722A493520021C5F0;
			remoteInfo = VancouverStreetTrees;
		};
/* End PBXContainerItemProxy section */

/* Begin PBXFileReference section */
		097DBC250A9A558B78DCEDED /* Pods-VancouverStreetTreesTests.debug.xcconfig */ = {isa = PBXFileReference; includeInIndex = 1; lastKnownFileType = text.xcconfig; name = "Pods-VancouverStreetTreesTests.debug.xcconfig"; path = "Target Support Files/Pods-VancouverStreetTreesTests/Pods-VancouverStreetTreesTests.debug.xcconfig"; sourceTree = "<group>"; };
		44C42427DF8CCE131F20AE0B /* Pods-VancouverStreetTrees.release.xcconfig */ = {isa = PBXFileReference; includeInIndex = 1; lastKnownFileType = text.xcconfig; name = "Pods-VancouverStreetTrees.release.xcconfig"; path = "Target Support Files/Pods-VancouverStreetTrees/Pods-VancouverStreetTrees.release.xcconfig"; sourceTree = "<group>"; };
		4F397CAC0F39212362327C65 /* Pods_VancouverStreetTrees.framework */ = {isa = PBXFileReference; explicitFileType = wrapper.framework; includeInIndex = 0; path = Pods_VancouverStreetTrees.framework; sourceTree = BUILT_PRODUCTS_DIR; };
		71BC6CCB60BF86F7A8C9E191 /* Pods-VancouverStreetTrees.debug.xcconfig */ = {isa = PBXFileReference; includeInIndex = 1; lastKnownFileType = text.xcconfig; name = "Pods-VancouverStreetTrees.debug.xcconfig"; path = "Target Support Files/Pods-VancouverStreetTrees/Pods-VancouverStreetTrees.debug.xcconfig"; sourceTree = "<group>"; };
		9B0B9E1322A88C6600AE4485 /* Base */ = {isa = PBXFileReference; lastKnownFileType = file.storyboard; name = Base; path = Base.lproj/LaunchScreen.storyboard; sourceTree = "<group>"; };
		9B0B9E1722A88D0B00AE4485 /* Info.plist */ = {isa = PBXFileReference; fileEncoding = 4; lastKnownFileType = text.plist.xml; path = Info.plist; sourceTree = "<group>"; };
		9B189E7322DC2A8A00CF1B30 /* Tree+CoreDataProperties.swift */ = {isa = PBXFileReference; fileEncoding = 4; lastKnownFileType = sourcecode.swift; path = "Tree+CoreDataProperties.swift"; sourceTree = "<group>"; };
		9B189E7422DC2A8A00CF1B30 /* Tree+CoreDataClass.swift */ = {isa = PBXFileReference; fileEncoding = 4; lastKnownFileType = sourcecode.swift; path = "Tree+CoreDataClass.swift"; sourceTree = "<group>"; };
		9B189E7722DC2AC900CF1B30 /* NSPersistentContainer+Preload.swift */ = {isa = PBXFileReference; lastKnownFileType = sourcecode.swift; path = "NSPersistentContainer+Preload.swift"; sourceTree = "<group>"; };
		9B26458D2311E48B001973DE /* MapView+ZoomLevel.swift */ = {isa = PBXFileReference; lastKnownFileType = sourcecode.swift; path = "MapView+ZoomLevel.swift"; sourceTree = "<group>"; };
		9B26458F2311F962001973DE /* InfoPanelViewController.swift */ = {isa = PBXFileReference; lastKnownFileType = sourcecode.swift; path = InfoPanelViewController.swift; sourceTree = "<group>"; };
		9B2645912312256A001973DE /* UIImageViewAligned.swift */ = {isa = PBXFileReference; lastKnownFileType = sourcecode.swift; path = UIImageViewAligned.swift; sourceTree = "<group>"; };
		9B26459323123410001973DE /* GoogleService-Info.plist */ = {isa = PBXFileReference; fileEncoding = 4; lastKnownFileType = text.plist.xml; path = "GoogleService-Info.plist"; sourceTree = "<group>"; };
		9B315EF822A493520021C5F0 /* VancouverStreetTrees.app */ = {isa = PBXFileReference; explicitFileType = wrapper.application; includeInIndex = 0; path = VancouverStreetTrees.app; sourceTree = BUILT_PRODUCTS_DIR; };
		9B315EFB22A493520021C5F0 /* AppDelegate.swift */ = {isa = PBXFileReference; lastKnownFileType = sourcecode.swift; path = AppDelegate.swift; sourceTree = "<group>"; };
		9B315EFD22A493520021C5F0 /* MapViewController.swift */ = {isa = PBXFileReference; lastKnownFileType = sourcecode.swift; path = MapViewController.swift; sourceTree = "<group>"; };
		9B315F0022A493520021C5F0 /* Base */ = {isa = PBXFileReference; lastKnownFileType = file.storyboard; name = Base; path = Base.lproj/Main.storyboard; sourceTree = "<group>"; };
		9B315F0222A493540021C5F0 /* Assets.xcassets */ = {isa = PBXFileReference; lastKnownFileType = folder.assetcatalog; path = Assets.xcassets; sourceTree = "<group>"; };
		9B315F0C22A493540021C5F0 /* VancouverStreetTreesTests.xctest */ = {isa = PBXFileReference; explicitFileType = wrapper.cfbundle; includeInIndex = 0; path = VancouverStreetTreesTests.xctest; sourceTree = BUILT_PRODUCTS_DIR; };
		9B315F1222A493540021C5F0 /* Info.plist */ = {isa = PBXFileReference; lastKnownFileType = text.plist.xml; path = Info.plist; sourceTree = "<group>"; };
		9B510D6422A5C50900613E38 /* WikipediaViewController.swift */ = {isa = PBXFileReference; lastKnownFileType = sourcecode.swift; path = WikipediaViewController.swift; sourceTree = "<group>"; };
		9B66352122A8517F00D4CF96 /* WebKit.framework */ = {isa = PBXFileReference; lastKnownFileType = wrapper.framework; name = WebKit.framework; path = System/Library/Frameworks/WebKit.framework; sourceTree = SDKROOT; };
		9B66352322A8571100D4CF96 /* UIColor+hex.swift */ = {isa = PBXFileReference; lastKnownFileType = sourcecode.swift; path = "UIColor+hex.swift"; sourceTree = "<group>"; };
		9B66352522A8574900D4CF96 /* TreeAnnotation.swift */ = {isa = PBXFileReference; lastKnownFileType = sourcecode.swift; path = TreeAnnotation.swift; sourceTree = "<group>"; };
		9BA8D65E22A8859000379399 /* MapRectBoundingBox.swift */ = {isa = PBXFileReference; lastKnownFileType = sourcecode.swift; path = MapRectBoundingBox.swift; sourceTree = "<group>"; };
		9BBAF2A222E5296300F710D6 /* TreeImport.xcdatamodel */ = {isa = PBXFileReference; lastKnownFileType = wrapper.xcdatamodel; path = TreeImport.xcdatamodel; sourceTree = "<group>"; };
		9BBAF2A322E5296300F710D6 /* TreeImport.sqlite-shm */ = {isa = PBXFileReference; lastKnownFileType = file; path = "TreeImport.sqlite-shm"; sourceTree = "<group>"; };
		9BBAF2A422E5296300F710D6 /* TreeImport.sqlite */ = {isa = PBXFileReference; lastKnownFileType = file; path = TreeImport.sqlite; sourceTree = "<group>"; };
		9BBAF2A522E5296300F710D6 /* TreeImport.sqlite-wal */ = {isa = PBXFileReference; fileEncoding = 4; lastKnownFileType = text; path = "TreeImport.sqlite-wal"; sourceTree = "<group>"; };
		9BF9AF3922A97C3900A9D47F /* TreeRepository.swift */ = {isa = PBXFileReference; lastKnownFileType = sourcecode.swift; path = TreeRepository.swift; sourceTree = "<group>"; };
		9BF9AF3C22A97EAD00A9D47F /* GenusColors.swift */ = {isa = PBXFileReference; lastKnownFileType = sourcecode.swift; path = GenusColors.swift; sourceTree = "<group>"; };
		9BF9AF3F22A9A62600A9D47F /* TreeRepositoryTests.swift */ = {isa = PBXFileReference; lastKnownFileType = sourcecode.swift; path = TreeRepositoryTests.swift; sourceTree = "<group>"; };
		A5749C2445D272B679159679 /* Pods-VancouverStreetTreesTests.release.xcconfig */ = {isa = PBXFileReference; includeInIndex = 1; lastKnownFileType = text.xcconfig; name = "Pods-VancouverStreetTreesTests.release.xcconfig"; path = "Target Support Files/Pods-VancouverStreetTreesTests/Pods-VancouverStreetTreesTests.release.xcconfig"; sourceTree = "<group>"; };
		D1B68B053ACA305084899490 /* Pods_VancouverStreetTreesTests.framework */ = {isa = PBXFileReference; explicitFileType = wrapper.framework; includeInIndex = 0; path = Pods_VancouverStreetTreesTests.framework; sourceTree = BUILT_PRODUCTS_DIR; };
/* End PBXFileReference section */

/* Begin PBXFrameworksBuildPhase section */
		9B315EF522A493520021C5F0 /* Frameworks */ = {
			isa = PBXFrameworksBuildPhase;
			buildActionMask = 2147483647;
			files = (
				9B66352222A8517F00D4CF96 /* WebKit.framework in Frameworks */,
				DD1110C44D2679AD66679BA4 /* Pods_VancouverStreetTrees.framework in Frameworks */,
			);
			runOnlyForDeploymentPostprocessing = 0;
		};
		9B315F0922A493540021C5F0 /* Frameworks */ = {
			isa = PBXFrameworksBuildPhase;
			buildActionMask = 2147483647;
			files = (
				9AE57F898E4F738EDD5316AB /* Pods_VancouverStreetTreesTests.framework in Frameworks */,
			);
			runOnlyForDeploymentPostprocessing = 0;
		};
/* End PBXFrameworksBuildPhase section */

/* Begin PBXGroup section */
		9B082B0F22A889D3000675B2 /* Utilities */ = {
			isa = PBXGroup;
			children = (
				9BA8D65E22A8859000379399 /* MapRectBoundingBox.swift */,
				9B66352322A8571100D4CF96 /* UIColor+hex.swift */,
				9B189E7722DC2AC900CF1B30 /* NSPersistentContainer+Preload.swift */,
				9B26458D2311E48B001973DE /* MapView+ZoomLevel.swift */,
				9B2645912312256A001973DE /* UIImageViewAligned.swift */,
			);
			path = Utilities;
			sourceTree = "<group>";
		};
		9B0B9E1922A88D3A00AE4485 /* Resources */ = {
			isa = PBXGroup;
			children = (
				9BBAF2A422E5296300F710D6 /* TreeImport.sqlite */,
				9BBAF2A322E5296300F710D6 /* TreeImport.sqlite-shm */,
				9BBAF2A522E5296300F710D6 /* TreeImport.sqlite-wal */,
				9BBAF2A122E5296300F710D6 /* TreeImport.xcdatamodeld */,
			);
			path = Resources;
			sourceTree = "<group>";
		};
		9B315EEF22A493520021C5F0 = {
			isa = PBXGroup;
			children = (
				9B315EFA22A493520021C5F0 /* VancouverStreetTrees */,
				9B315F0F22A493540021C5F0 /* VancouverStreetTreesTests */,
				9B315EF922A493520021C5F0 /* Products */,
				9B66352022A8517F00D4CF96 /* Frameworks */,
				A1D0FD45D5224D4C14B101CA /* Pods */,
			);
			sourceTree = "<group>";
		};
		9B315EF922A493520021C5F0 /* Products */ = {
			isa = PBXGroup;
			children = (
				9B315EF822A493520021C5F0 /* VancouverStreetTrees.app */,
				9B315F0C22A493540021C5F0 /* VancouverStreetTreesTests.xctest */,
			);
			name = Products;
			sourceTree = "<group>";
		};
		9B315EFA22A493520021C5F0 /* VancouverStreetTrees */ = {
			isa = PBXGroup;
			children = (
				9B0B9E1922A88D3A00AE4485 /* Resources */,
				9B0B9E1722A88D0B00AE4485 /* Info.plist */,
				9B26459323123410001973DE /* GoogleService-Info.plist */,
				9B315F0222A493540021C5F0 /* Assets.xcassets */,
				9B082B0F22A889D3000675B2 /* Utilities */,
				9B7BDD7E22A88667002FE60C /* View Controllers */,
				9B8913DD22A49641007F6C3D /* Data Models */,
				9BF9AF3B22A97CCA00A9D47F /* Data Repository */,
				9B315EFB22A493520021C5F0 /* AppDelegate.swift */,
				9B0B9E1222A88C6600AE4485 /* LaunchScreen.storyboard */,
				9B315EFF22A493520021C5F0 /* Main.storyboard */,
			);
			path = VancouverStreetTrees;
			sourceTree = "<group>";
		};
		9B315F0F22A493540021C5F0 /* VancouverStreetTreesTests */ = {
			isa = PBXGroup;
			children = (
				9B315F1222A493540021C5F0 /* Info.plist */,
				9BF9AF3F22A9A62600A9D47F /* TreeRepositoryTests.swift */,
			);
			path = VancouverStreetTreesTests;
			sourceTree = "<group>";
		};
		9B66352022A8517F00D4CF96 /* Frameworks */ = {
			isa = PBXGroup;
			children = (
				9B66352122A8517F00D4CF96 /* WebKit.framework */,
				4F397CAC0F39212362327C65 /* Pods_VancouverStreetTrees.framework */,
				D1B68B053ACA305084899490 /* Pods_VancouverStreetTreesTests.framework */,
			);
			name = Frameworks;
			sourceTree = "<group>";
		};
		9B7BDD7E22A88667002FE60C /* View Controllers */ = {
			isa = PBXGroup;
			children = (
				9B510D6422A5C50900613E38 /* WikipediaViewController.swift */,
				9B315EFD22A493520021C5F0 /* MapViewController.swift */,
				9B26458F2311F962001973DE /* InfoPanelViewController.swift */,
			);
			path = "View Controllers";
			sourceTree = "<group>";
		};
		9B8913DD22A49641007F6C3D /* Data Models */ = {
			isa = PBXGroup;
			children = (
				9B189E7422DC2A8A00CF1B30 /* Tree+CoreDataClass.swift */,
				9B189E7322DC2A8A00CF1B30 /* Tree+CoreDataProperties.swift */,
				9B66352522A8574900D4CF96 /* TreeAnnotation.swift */,
			);
			path = "Data Models";
			sourceTree = "<group>";
		};
		9BF9AF3B22A97CCA00A9D47F /* Data Repository */ = {
			isa = PBXGroup;
			children = (
				9BF9AF3922A97C3900A9D47F /* TreeRepository.swift */,
				9BF9AF3C22A97EAD00A9D47F /* GenusColors.swift */,
			);
			path = "Data Repository";
			sourceTree = "<group>";
		};
		A1D0FD45D5224D4C14B101CA /* Pods */ = {
			isa = PBXGroup;
			children = (
				71BC6CCB60BF86F7A8C9E191 /* Pods-VancouverStreetTrees.debug.xcconfig */,
				44C42427DF8CCE131F20AE0B /* Pods-VancouverStreetTrees.release.xcconfig */,
				097DBC250A9A558B78DCEDED /* Pods-VancouverStreetTreesTests.debug.xcconfig */,
				A5749C2445D272B679159679 /* Pods-VancouverStreetTreesTests.release.xcconfig */,
			);
			path = Pods;
			sourceTree = "<group>";
		};
/* End PBXGroup section */

/* Begin PBXNativeTarget section */
		9B315EF722A493520021C5F0 /* VancouverStreetTrees */ = {
			isa = PBXNativeTarget;
			buildConfigurationList = 9B315F1522A493540021C5F0 /* Build configuration list for PBXNativeTarget "VancouverStreetTrees" */;
			buildPhases = (
				42C37A8E418AAFCE1F5107F2 /* [CP] Check Pods Manifest.lock */,
				9B315EF422A493520021C5F0 /* Sources */,
				9B315EF522A493520021C5F0 /* Frameworks */,
				9B315EF622A493520021C5F0 /* Resources */,
				14F101E1635AE33B1A2240B3 /* [CP] Embed Pods Frameworks */,
				9B8F431B23123A3D00ED8629 /* Setup Crashlytics */,
			);
			buildRules = (
			);
			dependencies = (
			);
			name = VancouverStreetTrees;
			productName = VancouverStreetTrees;
			productReference = 9B315EF822A493520021C5F0 /* VancouverStreetTrees.app */;
			productType = "com.apple.product-type.application";
		};
		9B315F0B22A493540021C5F0 /* VancouverStreetTreesTests */ = {
			isa = PBXNativeTarget;
			buildConfigurationList = 9B315F1822A493540021C5F0 /* Build configuration list for PBXNativeTarget "VancouverStreetTreesTests" */;
			buildPhases = (
				310328718B949F8EB83890A7 /* [CP] Check Pods Manifest.lock */,
				9B315F0822A493540021C5F0 /* Sources */,
				9B315F0922A493540021C5F0 /* Frameworks */,
				9B315F0A22A493540021C5F0 /* Resources */,
			);
			buildRules = (
			);
			dependencies = (
				9B315F0E22A493540021C5F0 /* PBXTargetDependency */,
			);
			name = VancouverStreetTreesTests;
			productName = VancouverStreetTreesTests;
			productReference = 9B315F0C22A493540021C5F0 /* VancouverStreetTreesTests.xctest */;
			productType = "com.apple.product-type.bundle.unit-test";
		};
/* End PBXNativeTarget section */

/* Begin PBXProject section */
		9B315EF022A493520021C5F0 /* Project object */ = {
			isa = PBXProject;
			attributes = {
				LastSwiftUpdateCheck = 1020;
				LastUpgradeCheck = 1020;
				ORGANIZATIONNAME = PayByPhone;
				TargetAttributes = {
					9B315EF722A493520021C5F0 = {
						CreatedOnToolsVersion = 10.2.1;
					};
					9B315F0B22A493540021C5F0 = {
						CreatedOnToolsVersion = 10.2.1;
						TestTargetID = 9B315EF722A493520021C5F0;
					};
				};
			};
			buildConfigurationList = 9B315EF322A493520021C5F0 /* Build configuration list for PBXProject "VancouverStreetTrees" */;
			compatibilityVersion = "Xcode 9.3";
			developmentRegion = en;
			hasScannedForEncodings = 0;
			knownRegions = (
				en,
				Base,
			);
			mainGroup = 9B315EEF22A493520021C5F0;
			productRefGroup = 9B315EF922A493520021C5F0 /* Products */;
			projectDirPath = "";
			projectRoot = "";
			targets = (
				9B315EF722A493520021C5F0 /* VancouverStreetTrees */,
				9B315F0B22A493540021C5F0 /* VancouverStreetTreesTests */,
			);
		};
/* End PBXProject section */

/* Begin PBXResourcesBuildPhase section */
		9B315EF622A493520021C5F0 /* Resources */ = {
			isa = PBXResourcesBuildPhase;
			buildActionMask = 2147483647;
			files = (
				9B315F0322A493540021C5F0 /* Assets.xcassets in Resources */,
				9BBAF2A922E5296300F710D6 /* TreeImport.sqlite-wal in Resources */,
				9BBAF2A722E5296300F710D6 /* TreeImport.sqlite-shm in Resources */,
				9B0B9E1422A88C6600AE4485 /* LaunchScreen.storyboard in Resources */,
				9B315F0122A493520021C5F0 /* Main.storyboard in Resources */,
				9BBAF2A822E5296300F710D6 /* TreeImport.sqlite in Resources */,
				9B26459423123410001973DE /* GoogleService-Info.plist in Resources */,
			);
			runOnlyForDeploymentPostprocessing = 0;
		};
		9B315F0A22A493540021C5F0 /* Resources */ = {
			isa = PBXResourcesBuildPhase;
			buildActionMask = 2147483647;
			files = (
			);
			runOnlyForDeploymentPostprocessing = 0;
		};
/* End PBXResourcesBuildPhase section */

/* Begin PBXShellScriptBuildPhase section */
		14F101E1635AE33B1A2240B3 /* [CP] Embed Pods Frameworks */ = {
			isa = PBXShellScriptBuildPhase;
			buildActionMask = 2147483647;
			files = (
			);
			inputFileListPaths = (
				"${PODS_ROOT}/Target Support Files/Pods-VancouverStreetTrees/Pods-VancouverStreetTrees-frameworks-${CONFIGURATION}-input-files.xcfilelist",
			);
			name = "[CP] Embed Pods Frameworks";
			outputFileListPaths = (
				"${PODS_ROOT}/Target Support Files/Pods-VancouverStreetTrees/Pods-VancouverStreetTrees-frameworks-${CONFIGURATION}-output-files.xcfilelist",
			);
			runOnlyForDeploymentPostprocessing = 0;
			shellPath = /bin/sh;
			shellScript = "\"${PODS_ROOT}/Target Support Files/Pods-VancouverStreetTrees/Pods-VancouverStreetTrees-frameworks.sh\"\n";
			showEnvVarsInLog = 0;
		};
		310328718B949F8EB83890A7 /* [CP] Check Pods Manifest.lock */ = {
			isa = PBXShellScriptBuildPhase;
			buildActionMask = 2147483647;
			files = (
			);
			inputFileListPaths = (
			);
			inputPaths = (
				"${PODS_PODFILE_DIR_PATH}/Podfile.lock",
				"${PODS_ROOT}/Manifest.lock",
			);
			name = "[CP] Check Pods Manifest.lock";
			outputFileListPaths = (
			);
			outputPaths = (
				"$(DERIVED_FILE_DIR)/Pods-VancouverStreetTreesTests-checkManifestLockResult.txt",
			);
			runOnlyForDeploymentPostprocessing = 0;
			shellPath = /bin/sh;
			shellScript = "diff \"${PODS_PODFILE_DIR_PATH}/Podfile.lock\" \"${PODS_ROOT}/Manifest.lock\" > /dev/null\nif [ $? != 0 ] ; then\n    # print error to STDERR\n    echo \"error: The sandbox is not in sync with the Podfile.lock. Run 'pod install' or update your CocoaPods installation.\" >&2\n    exit 1\nfi\n# This output is used by Xcode 'outputs' to avoid re-running this script phase.\necho \"SUCCESS\" > \"${SCRIPT_OUTPUT_FILE_0}\"\n";
			showEnvVarsInLog = 0;
		};
		42C37A8E418AAFCE1F5107F2 /* [CP] Check Pods Manifest.lock */ = {
			isa = PBXShellScriptBuildPhase;
			buildActionMask = 2147483647;
			files = (
			);
			inputFileListPaths = (
			);
			inputPaths = (
				"${PODS_PODFILE_DIR_PATH}/Podfile.lock",
				"${PODS_ROOT}/Manifest.lock",
			);
			name = "[CP] Check Pods Manifest.lock";
			outputFileListPaths = (
			);
			outputPaths = (
				"$(DERIVED_FILE_DIR)/Pods-VancouverStreetTrees-checkManifestLockResult.txt",
			);
			runOnlyForDeploymentPostprocessing = 0;
			shellPath = /bin/sh;
			shellScript = "diff \"${PODS_PODFILE_DIR_PATH}/Podfile.lock\" \"${PODS_ROOT}/Manifest.lock\" > /dev/null\nif [ $? != 0 ] ; then\n    # print error to STDERR\n    echo \"error: The sandbox is not in sync with the Podfile.lock. Run 'pod install' or update your CocoaPods installation.\" >&2\n    exit 1\nfi\n# This output is used by Xcode 'outputs' to avoid re-running this script phase.\necho \"SUCCESS\" > \"${SCRIPT_OUTPUT_FILE_0}\"\n";
			showEnvVarsInLog = 0;
		};
		9B8F431B23123A3D00ED8629 /* Setup Crashlytics */ = {
			isa = PBXShellScriptBuildPhase;
			buildActionMask = 2147483647;
			files = (
			);
			inputFileListPaths = (
			);
			inputPaths = (
				"$(SRCROOT)/$(BUILT_PRODUCTS_DIR)/$(INFOPLIST_PATH)",
			);
			name = "Setup Crashlytics";
			outputFileListPaths = (
			);
			outputPaths = (
			);
			runOnlyForDeploymentPostprocessing = 0;
			shellPath = /bin/sh;
			shellScript = "# Type a script or drag a script file from your workspace to insert its path.\n\"${PODS_ROOT}/Fabric/run\"\n";
		};
/* End PBXShellScriptBuildPhase section */

/* Begin PBXSourcesBuildPhase section */
		9B315EF422A493520021C5F0 /* Sources */ = {
			isa = PBXSourcesBuildPhase;
			buildActionMask = 2147483647;
			files = (
				9BF9AF3D22A97EAD00A9D47F /* GenusColors.swift in Sources */,
				9B315EFE22A493520021C5F0 /* MapViewController.swift in Sources */,
				9BA8D65F22A8859000379399 /* MapRectBoundingBox.swift in Sources */,
				9B66352622A8574900D4CF96 /* TreeAnnotation.swift in Sources */,
				9B66352422A8571100D4CF96 /* UIColor+hex.swift in Sources */,
				9B26458E2311E48B001973DE /* MapView+ZoomLevel.swift in Sources */,
				9B510D6522A5C50900613E38 /* WikipediaViewController.swift in Sources */,
				9B2645902311F962001973DE /* InfoPanelViewController.swift in Sources */,
				9B315EFC22A493520021C5F0 /* AppDelegate.swift in Sources */,
				9BF9AF3A22A97C3900A9D47F /* TreeRepository.swift in Sources */,
				9B2645922312256A001973DE /* UIImageViewAligned.swift in Sources */,
				9BBAF2A622E5296300F710D6 /* TreeImport.xcdatamodeld in Sources */,
				9B189E7822DC2AC900CF1B30 /* NSPersistentContainer+Preload.swift in Sources */,
			);
			runOnlyForDeploymentPostprocessing = 0;
		};
		9B315F0822A493540021C5F0 /* Sources */ = {
			isa = PBXSourcesBuildPhase;
			buildActionMask = 2147483647;
			files = (
				9BF9AF4022A9A62600A9D47F /* TreeRepositoryTests.swift in Sources */,
			);
			runOnlyForDeploymentPostprocessing = 0;
		};
/* End PBXSourcesBuildPhase section */

/* Begin PBXTargetDependency section */
		9B315F0E22A493540021C5F0 /* PBXTargetDependency */ = {
			isa = PBXTargetDependency;
			target = 9B315EF722A493520021C5F0 /* VancouverStreetTrees */;
			targetProxy = 9B315F0D22A493540021C5F0 /* PBXContainerItemProxy */;
		};
/* End PBXTargetDependency section */

/* Begin PBXVariantGroup section */
		9B0B9E1222A88C6600AE4485 /* LaunchScreen.storyboard */ = {
			isa = PBXVariantGroup;
			children = (
				9B0B9E1322A88C6600AE4485 /* Base */,
			);
			name = LaunchScreen.storyboard;
			sourceTree = "<group>";
		};
		9B315EFF22A493520021C5F0 /* Main.storyboard */ = {
			isa = PBXVariantGroup;
			children = (
				9B315F0022A493520021C5F0 /* Base */,
			);
			name = Main.storyboard;
			sourceTree = "<group>";
		};
/* End PBXVariantGroup section */

/* Begin XCBuildConfiguration section */
		9B315F1322A493540021C5F0 /* Debug */ = {
			isa = XCBuildConfiguration;
			buildSettings = {
				ALWAYS_SEARCH_USER_PATHS = NO;
				CLANG_ANALYZER_NONNULL = YES;
				CLANG_ANALYZER_NUMBER_OBJECT_CONVERSION = YES_AGGRESSIVE;
				CLANG_CXX_LANGUAGE_STANDARD = "gnu++14";
				CLANG_CXX_LIBRARY = "libc++";
				CLANG_ENABLE_MODULES = YES;
				CLANG_ENABLE_OBJC_ARC = YES;
				CLANG_ENABLE_OBJC_WEAK = YES;
				CLANG_WARN_BLOCK_CAPTURE_AUTORELEASING = YES;
				CLANG_WARN_BOOL_CONVERSION = YES;
				CLANG_WARN_COMMA = YES;
				CLANG_WARN_CONSTANT_CONVERSION = YES;
				CLANG_WARN_DEPRECATED_OBJC_IMPLEMENTATIONS = YES;
				CLANG_WARN_DIRECT_OBJC_ISA_USAGE = YES_ERROR;
				CLANG_WARN_DOCUMENTATION_COMMENTS = YES;
				CLANG_WARN_EMPTY_BODY = YES;
				CLANG_WARN_ENUM_CONVERSION = YES;
				CLANG_WARN_INFINITE_RECURSION = YES;
				CLANG_WARN_INT_CONVERSION = YES;
				CLANG_WARN_NON_LITERAL_NULL_CONVERSION = YES;
				CLANG_WARN_OBJC_IMPLICIT_RETAIN_SELF = YES;
				CLANG_WARN_OBJC_LITERAL_CONVERSION = YES;
				CLANG_WARN_OBJC_ROOT_CLASS = YES_ERROR;
				CLANG_WARN_RANGE_LOOP_ANALYSIS = YES;
				CLANG_WARN_STRICT_PROTOTYPES = YES;
				CLANG_WARN_SUSPICIOUS_MOVE = YES;
				CLANG_WARN_UNGUARDED_AVAILABILITY = YES_AGGRESSIVE;
				CLANG_WARN_UNREACHABLE_CODE = YES;
				CLANG_WARN__DUPLICATE_METHOD_MATCH = YES;
				CODE_SIGN_IDENTITY = "iPhone Developer";
				COPY_PHASE_STRIP = NO;
				DEBUG_INFORMATION_FORMAT = dwarf;
				ENABLE_STRICT_OBJC_MSGSEND = YES;
				ENABLE_TESTABILITY = YES;
				GCC_C_LANGUAGE_STANDARD = gnu11;
				GCC_DYNAMIC_NO_PIC = NO;
				GCC_NO_COMMON_BLOCKS = YES;
				GCC_OPTIMIZATION_LEVEL = 0;
				GCC_PREPROCESSOR_DEFINITIONS = (
					"DEBUG=1",
					"$(inherited)",
				);
				GCC_WARN_64_TO_32_BIT_CONVERSION = YES;
				GCC_WARN_ABOUT_RETURN_TYPE = YES_ERROR;
				GCC_WARN_UNDECLARED_SELECTOR = YES;
				GCC_WARN_UNINITIALIZED_AUTOS = YES_AGGRESSIVE;
				GCC_WARN_UNUSED_FUNCTION = YES;
				GCC_WARN_UNUSED_VARIABLE = YES;
				IPHONEOS_DEPLOYMENT_TARGET = 12.2;
				MTL_ENABLE_DEBUG_INFO = INCLUDE_SOURCE;
				MTL_FAST_MATH = YES;
				ONLY_ACTIVE_ARCH = YES;
				SDKROOT = iphoneos;
				SWIFT_ACTIVE_COMPILATION_CONDITIONS = DEBUG;
				SWIFT_OPTIMIZATION_LEVEL = "-Onone";
			};
			name = Debug;
		};
		9B315F1422A493540021C5F0 /* Release */ = {
			isa = XCBuildConfiguration;
			buildSettings = {
				ALWAYS_SEARCH_USER_PATHS = NO;
				CLANG_ANALYZER_NONNULL = YES;
				CLANG_ANALYZER_NUMBER_OBJECT_CONVERSION = YES_AGGRESSIVE;
				CLANG_CXX_LANGUAGE_STANDARD = "gnu++14";
				CLANG_CXX_LIBRARY = "libc++";
				CLANG_ENABLE_MODULES = YES;
				CLANG_ENABLE_OBJC_ARC = YES;
				CLANG_ENABLE_OBJC_WEAK = YES;
				CLANG_WARN_BLOCK_CAPTURE_AUTORELEASING = YES;
				CLANG_WARN_BOOL_CONVERSION = YES;
				CLANG_WARN_COMMA = YES;
				CLANG_WARN_CONSTANT_CONVERSION = YES;
				CLANG_WARN_DEPRECATED_OBJC_IMPLEMENTATIONS = YES;
				CLANG_WARN_DIRECT_OBJC_ISA_USAGE = YES_ERROR;
				CLANG_WARN_DOCUMENTATION_COMMENTS = YES;
				CLANG_WARN_EMPTY_BODY = YES;
				CLANG_WARN_ENUM_CONVERSION = YES;
				CLANG_WARN_INFINITE_RECURSION = YES;
				CLANG_WARN_INT_CONVERSION = YES;
				CLANG_WARN_NON_LITERAL_NULL_CONVERSION = YES;
				CLANG_WARN_OBJC_IMPLICIT_RETAIN_SELF = YES;
				CLANG_WARN_OBJC_LITERAL_CONVERSION = YES;
				CLANG_WARN_OBJC_ROOT_CLASS = YES_ERROR;
				CLANG_WARN_RANGE_LOOP_ANALYSIS = YES;
				CLANG_WARN_STRICT_PROTOTYPES = YES;
				CLANG_WARN_SUSPICIOUS_MOVE = YES;
				CLANG_WARN_UNGUARDED_AVAILABILITY = YES_AGGRESSIVE;
				CLANG_WARN_UNREACHABLE_CODE = YES;
				CLANG_WARN__DUPLICATE_METHOD_MATCH = YES;
				CODE_SIGN_IDENTITY = "iPhone Developer";
				COPY_PHASE_STRIP = NO;
				DEBUG_INFORMATION_FORMAT = "dwarf-with-dsym";
				ENABLE_NS_ASSERTIONS = NO;
				ENABLE_STRICT_OBJC_MSGSEND = YES;
				GCC_C_LANGUAGE_STANDARD = gnu11;
				GCC_NO_COMMON_BLOCKS = YES;
				GCC_WARN_64_TO_32_BIT_CONVERSION = YES;
				GCC_WARN_ABOUT_RETURN_TYPE = YES_ERROR;
				GCC_WARN_UNDECLARED_SELECTOR = YES;
				GCC_WARN_UNINITIALIZED_AUTOS = YES_AGGRESSIVE;
				GCC_WARN_UNUSED_FUNCTION = YES;
				GCC_WARN_UNUSED_VARIABLE = YES;
				IPHONEOS_DEPLOYMENT_TARGET = 12.2;
				MTL_ENABLE_DEBUG_INFO = NO;
				MTL_FAST_MATH = YES;
				SDKROOT = iphoneos;
				SWIFT_COMPILATION_MODE = wholemodule;
				SWIFT_OPTIMIZATION_LEVEL = "-O";
				VALIDATE_PRODUCT = YES;
			};
			name = Release;
		};
		9B315F1622A493540021C5F0 /* Debug */ = {
			isa = XCBuildConfiguration;
			baseConfigurationReference = 71BC6CCB60BF86F7A8C9E191 /* Pods-VancouverStreetTrees.debug.xcconfig */;
			buildSettings = {
				ASSETCATALOG_COMPILER_APPICON_NAME = AppIcon;
				CODE_SIGN_IDENTITY = "iPhone Developer";
				CODE_SIGN_STYLE = Automatic;
				DEBUG_INFORMATION_FORMAT = "dwarf-with-dsym";
				DEVELOPMENT_TEAM = 9486CQ5DH7;
				INFOPLIST_FILE = VancouverStreetTrees/Info.plist;
				LD_RUNPATH_SEARCH_PATHS = (
					"$(inherited)",
					"@executable_path/Frameworks",
				);
				PRODUCT_BUNDLE_IDENTIFIER = com.yellowcedarsoftware.vancouverstreettrees5;
				PRODUCT_NAME = "$(TARGET_NAME)";
				PROVISIONING_PROFILE_SPECIFIER = "";
				SWIFT_VERSION = 5.0;
				TARGETED_DEVICE_FAMILY = "1,2";
			};
			name = Debug;
		};
		9B315F1722A493540021C5F0 /* Release */ = {
			isa = XCBuildConfiguration;
			baseConfigurationReference = 44C42427DF8CCE131F20AE0B /* Pods-VancouverStreetTrees.release.xcconfig */;
			buildSettings = {
				ASSETCATALOG_COMPILER_APPICON_NAME = AppIcon;
				CODE_SIGN_IDENTITY = "iPhone Developer";
				CODE_SIGN_STYLE = Automatic;
				DEVELOPMENT_TEAM = 9486CQ5DH7;
				INFOPLIST_FILE = VancouverStreetTrees/Info.plist;
				LD_RUNPATH_SEARCH_PATHS = (
					"$(inherited)",
					"@executable_path/Frameworks",
				);
				PRODUCT_BUNDLE_IDENTIFIER = com.yellowcedarsoftware.vancouverstreettrees5;
				PRODUCT_NAME = "$(TARGET_NAME)";
				PROVISIONING_PROFILE_SPECIFIER = "";
				SWIFT_VERSION = 5.0;
				TARGETED_DEVICE_FAMILY = "1,2";
			};
			name = Release;
		};
		9B315F1922A493540021C5F0 /* Debug */ = {
			isa = XCBuildConfiguration;
			baseConfigurationReference = 097DBC250A9A558B78DCEDED /* Pods-VancouverStreetTreesTests.debug.xcconfig */;
			buildSettings = {
				ALWAYS_EMBED_SWIFT_STANDARD_LIBRARIES = YES;
				BUNDLE_LOADER = "$(TEST_HOST)";
				CODE_SIGN_STYLE = Automatic;
				DEVELOPMENT_TEAM = W6D936SL86;
				INFOPLIST_FILE = VancouverStreetTreesTests/Info.plist;
				LD_RUNPATH_SEARCH_PATHS = (
					"$(inherited)",
					"@executable_path/Frameworks",
					"@loader_path/Frameworks",
				);
				PRODUCT_BUNDLE_IDENTIFIER = com.yellowcedarsoftware.VancouverStreetTreesTests;
				PRODUCT_NAME = "$(TARGET_NAME)";
				SWIFT_VERSION = 5.0;
				TARGETED_DEVICE_FAMILY = "1,2";
				TEST_HOST = "$(BUILT_PRODUCTS_DIR)/VancouverStreetTrees.app/VancouverStreetTrees";
			};
			name = Debug;
		};
		9B315F1A22A493540021C5F0 /* Release */ = {
			isa = XCBuildConfiguration;
			baseConfigurationReference = A5749C2445D272B679159679 /* Pods-VancouverStreetTreesTests.release.xcconfig */;
			buildSettings = {
				ALWAYS_EMBED_SWIFT_STANDARD_LIBRARIES = YES;
				BUNDLE_LOADER = "$(TEST_HOST)";
				CODE_SIGN_STYLE = Automatic;
				DEVELOPMENT_TEAM = W6D936SL86;
				INFOPLIST_FILE = VancouverStreetTreesTests/Info.plist;
				LD_RUNPATH_SEARCH_PATHS = (
					"$(inherited)",
					"@executable_path/Frameworks",
					"@loader_path/Frameworks",
				);
				PRODUCT_BUNDLE_IDENTIFIER = com.yellowcedarsoftware.VancouverStreetTreesTests;
				PRODUCT_NAME = "$(TARGET_NAME)";
				SWIFT_VERSION = 5.0;
				TARGETED_DEVICE_FAMILY = "1,2";
				TEST_HOST = "$(BUILT_PRODUCTS_DIR)/VancouverStreetTrees.app/VancouverStreetTrees";
			};
			name = Release;
		};
/* End XCBuildConfiguration section */

/* Begin XCConfigurationList section */
		9B315EF322A493520021C5F0 /* Build configuration list for PBXProject "VancouverStreetTrees" */ = {
			isa = XCConfigurationList;
			buildConfigurations = (
				9B315F1322A493540021C5F0 /* Debug */,
				9B315F1422A493540021C5F0 /* Release */,
			);
			defaultConfigurationIsVisible = 0;
			defaultConfigurationName = Release;
		};
		9B315F1522A493540021C5F0 /* Build configuration list for PBXNativeTarget "VancouverStreetTrees" */ = {
			isa = XCConfigurationList;
			buildConfigurations = (
				9B315F1622A493540021C5F0 /* Debug */,
				9B315F1722A493540021C5F0 /* Release */,
			);
			defaultConfigurationIsVisible = 0;
			defaultConfigurationName = Release;
		};
		9B315F1822A493540021C5F0 /* Build configuration list for PBXNativeTarget "VancouverStreetTreesTests" */ = {
			isa = XCConfigurationList;
			buildConfigurations = (
				9B315F1922A493540021C5F0 /* Debug */,
				9B315F1A22A493540021C5F0 /* Release */,
			);
			defaultConfigurationIsVisible = 0;
			defaultConfigurationName = Release;
		};
/* End XCConfigurationList section */

/* Begin XCVersionGroup section */
		9BBAF2A122E5296300F710D6 /* TreeImport.xcdatamodeld */ = {
			isa = XCVersionGroup;
			children = (
				9BBAF2A222E5296300F710D6 /* TreeImport.xcdatamodel */,
			);
			currentVersion = 9BBAF2A222E5296300F710D6 /* TreeImport.xcdatamodel */;
			path = TreeImport.xcdatamodeld;
			sourceTree = "<group>";
			versionGroupType = wrapper.xcdatamodel;
		};
/* End XCVersionGroup section */
	};
	rootObject = 9B315EF022A493520021C5F0 /* Project object */;
}
